{
  "nodes": {
    "nixpkgs": {
      "locked": {
        "lastModified": 1678101937,
        "narHash": "sha256-Trmgbc6DTXaofJHbegtN1YCJUIjBOg5ByRHYtxLf1qU=",
        "owner": "NixOS",
        "repo": "nixpkgs",
        "rev": "b6cc2f2979a19ec2983cef156d5d44b2fe0e545f",
        "type": "github"
      },
      "original": {
        "owner": "NixOS",
        "repo": "nixpkgs",
        "type": "github"
      }
    },
    "root": {
      "inputs": {
        "nixpkgs": "nixpkgs"
      }
    }
  },
  "root": "root",
  "version": 7
}
