{
  "nodes": {
    "bats-assert": {
      "flake": false,
      "locked": {
        "lastModified": 1636059754,
        "narHash": "sha256-ewME0l27ZqfmAwJO4h5biTALc9bDLv7Bl3ftBzBuZwk=",
        "owner": "bats-core",
        "repo": "bats-assert",
        "rev": "34551b1d7f8c7b677c1a66fc0ac140d6223409e5",
        "type": "github"
      },
      "original": {
        "owner": "bats-core",
        "repo": "bats-assert",
        "type": "github"
      }
    },
    "bats-support": {
      "flake": false,
      "locked": {
        "lastModified": 1548869839,
        "narHash": "sha256-Gr4ntadr42F2Ks8Pte2D4wNDbijhujuoJi4OPZnTAZU=",
        "owner": "bats-core",
        "repo": "bats-support",
        "rev": "d140a65044b2d6810381935ae7f0c94c7023c8c3",
        "type": "github"
      },
      "original": {
        "owner": "bats-core",
        "repo": "bats-support",
        "type": "github"
      }
    },
    "data": {
      "inputs": {
        "nixpkgs": "nixpkgs_2"
      },
      "locked": {
        "lastModified": 1677115097,
        "narHash": "sha256-8AJ/kgWVqnV7C7LUByi1zGF64HPTRmFni15I1ws44kE=",
        "owner": "Ninlives",
        "repo": "data",
        "rev": "7b45b2624b96b015ccaeb9f930e9d3685520500e",
        "type": "github"
      },
      "original": {
        "owner": "Ninlives",
        "repo": "data",
        "type": "github"
      }
    },
    "external": {
      "inputs": {
        "flake-utils": "flake-utils",
        "nixpkgs": "nixpkgs_3"
      },
      "locked": {
        "lastModified": 1678067535,
        "narHash": "sha256-Qwvxqjggq96QOm6L2RAo9TpLbutneq8vIEj7MDCGS3E=",
        "owner": "nixos-cn",
        "repo": "flakes",
        "rev": "a165dcd275492a1ab8c08a1505d7453a694d4c8b",
        "type": "github"
      },
      "original": {
        "owner": "nixos-cn",
        "repo": "flakes",
        "type": "github"
      }
    },
    "flake-utils": {
      "locked": {
        "lastModified": 1638122382,
        "narHash": "sha256-sQzZzAbvKEqN9s0bzWuYmRaA03v40gaJ4+iL1LXjaeI=",
        "owner": "numtide",
        "repo": "flake-utils",
        "rev": "74f7e4319258e287b0f9cb95426c9853b282730b",
        "type": "github"
      },
      "original": {
        "owner": "numtide",
        "repo": "flake-utils",
        "type": "github"
      }
    },
    "flake-utils_2": {
      "locked": {
        "lastModified": 1667395993,
        "narHash": "sha256-nuEHfE/LcWyuSWnS8t12N1wc105Qtau+/OdUAjtQ0rA=",
        "owner": "numtide",
        "repo": "flake-utils",
        "rev": "5aed5285a952e0b949eb3ba02c12fa4fcfef535f",
        "type": "github"
      },
      "original": {
        "owner": "numtide",
        "repo": "flake-utils",
        "type": "github"
      }
    },
    "flake-utils_3": {
      "locked": {
        "lastModified": 1634851050,
        "narHash": "sha256-N83GlSGPJJdcqhUxSCS/WwW5pksYf3VP1M13cDRTSVA=",
        "owner": "numtide",
        "repo": "flake-utils",
        "rev": "c91f3de5adaf1de973b797ef7485e441a65b8935",
        "type": "github"
      },
      "original": {
        "owner": "numtide",
        "repo": "flake-utils",
        "type": "github"
      }
    },
    "flake-utils_4": {
      "locked": {
        "lastModified": 1653893745,
        "narHash": "sha256-0jntwV3Z8//YwuOjzhV2sgJJPt+HY6KhU7VZUL0fKZQ=",
        "owner": "numtide",
        "repo": "flake-utils",
        "rev": "1ed9fb1935d260de5fe1c2f7ee0ebaae17ed2fa1",
        "type": "github"
      },
      "original": {
        "owner": "numtide",
        "repo": "flake-utils",
        "type": "github"
      }
    },
    "home-manager": {
      "inputs": {
        "nixpkgs": [
          "nixpkgs",
          "nixpkgs"
        ],
        "utils": "utils"
      },
      "locked": {
        "lastModified": 1678109311,
        "narHash": "sha256-Q64FoCH5rp3XHoC8u1+KyjLEFGTY7kX9YaIaYfugvfY=",
        "owner": "nix-community",
        "repo": "home-manager",
        "rev": "04d6cad67557512452decbfe888c68fa11338a96",
        "type": "github"
      },
      "original": {
        "owner": "nix-community",
        "repo": "home-manager",
        "type": "github"
      }
    },
    "jovian": {
      "flake": false,
      "locked": {
        "lastModified": 1677990183,
        "narHash": "sha256-ehLq2wNPgODD28oNWCRuopR0g7iUOnmn1/VWpj0Q/7c=",
        "owner": "Jovian-Experiments",
        "repo": "Jovian-NixOS",
        "rev": "abb0199b22879c5a3b3c740f32b8d2497fda7ea9",
        "type": "github"
      },
      "original": {
        "owner": "Jovian-Experiments",
        "repo": "Jovian-NixOS",
        "type": "github"
      }
    },
    "nixpkgs": {
      "inputs": {
        "data": "data",
        "external": "external",
        "home-manager": "home-manager",
        "jovian": "jovian",
        "nixpkgs": "nixpkgs_4",
        "resign": "resign",
        "sops-nix": "sops-nix",
        "terranix": "terranix",
        "terrasops": "terrasops",
        "values": "values"
      },
      "locked": {
        "lastModified": 1678155445,
        "narHash": "sha256-FUDHyMyXtBm5v0lWqpap3dLDzdDL9VZ1iEstGM6WnQs=",
        "path": "/nix/store/7ln629x0sg8vgvy9k3b73gh5q258q6sf-source",
        "type": "path"
      },
      "original": {
        "owner": "NixOS",
        "ref": "nixos-unstable-small",
        "repo": "nixpkgs",
        "type": "github"
      }
    },
    "nixpkgs-stable": {
      "locked": {
        "lastModified": 1677948530,
        "narHash": "sha256-BkQjq8AGHD55RJe4PUnrWRZZ8jS64p/k0bGDck5wKwY=",
        "owner": "NixOS",
        "repo": "nixpkgs",
        "rev": "d51554151a91cd4543a7620843cc378e3cbc767e",
        "type": "github"
      },
      "original": {
        "owner": "NixOS",
        "ref": "release-22.11",
        "repo": "nixpkgs",
        "type": "github"
      }
    },
    "nixpkgs_2": {
      "locked": {
        "lastModified": 1623589201,
        "narHash": "sha256-f29Rp2XFmfjtwldUyRvMz0X93/Nf6J8i4WBvVVKqCHs=",
        "owner": "NixOS",
        "repo": "nixpkgs",
        "rev": "6aa2bb6a818d12d4cf296f736263011611cf2610",
        "type": "github"
      },
      "original": {
        "owner": "NixOS",
        "ref": "nixos-unstable-small",
        "repo": "nixpkgs",
        "type": "github"
      }
    },
    "nixpkgs_3": {
      "locked": {
        "lastModified": 1642104392,
        "narHash": "sha256-m71b7MgMh9FDv4MnI5sg9MiBVW6DhE1zq+d/KlLWSC8=",
        "owner": "NixOS",
        "repo": "nixpkgs",
        "rev": "5aaed40d22f0d9376330b6fa413223435ad6fee5",
        "type": "github"
      },
      "original": {
        "owner": "NixOS",
        "ref": "nixos-unstable",
        "repo": "nixpkgs",
        "type": "github"
      }
    },
    "nixpkgs_4": {
      "locked": {
        "lastModified": 1678101937,
        "narHash": "sha256-Trmgbc6DTXaofJHbegtN1YCJUIjBOg5ByRHYtxLf1qU=",
        "owner": "NixOS",
        "repo": "nixpkgs",
        "rev": "b6cc2f2979a19ec2983cef156d5d44b2fe0e545f",
        "type": "github"
      },
      "original": {
        "owner": "NixOS",
        "ref": "nixos-unstable-small",
        "repo": "nixpkgs",
        "type": "github"
      }
    },
    "nixpkgs_5": {
      "locked": {
        "lastModified": 1671878718,
        "narHash": "sha256-K2RGssYePTReJx9DZN+y8KsogXNyicv5GMfhfCRQcxI=",
        "owner": "NixOS",
        "repo": "nixpkgs",
        "rev": "b139bf1c47c6660cd0f5e2d3448e05e82da2ea6b",
        "type": "github"
      },
      "original": {
        "owner": "NixOS",
        "ref": "nixos-unstable-small",
        "repo": "nixpkgs",
        "type": "github"
      }
    },
    "nixpkgs_6": {
      "locked": {
        "lastModified": 1636823747,
        "narHash": "sha256-oWo1nElRAOZqEf90Yek2ixdHyjD+gqtS/pAgwaQ9UhQ=",
        "owner": "nixos",
        "repo": "nixpkgs",
        "rev": "f6a2ed2082d9a51668c86ba27d0b5496f7a2ea93",
        "type": "github"
      },
      "original": {
        "owner": "nixos",
        "repo": "nixpkgs",
        "type": "github"
      }
    },
    "nixpkgs_7": {
      "locked": {
        "lastModified": 1654687877,
        "narHash": "sha256-46TN18Iri3vC6ySdd3Y0HrYjD5SL+OAlMCrtieb9Zfo=",
        "owner": "NixOS",
        "repo": "nixpkgs",
        "rev": "6b94629394148771699231cbac523deedd7c64ed",
        "type": "github"
      },
      "original": {
        "owner": "NixOS",
        "ref": "nixos-unstable-small",
        "repo": "nixpkgs",
        "type": "github"
      }
    },
    "resign": {
      "inputs": {
        "flake-utils": "flake-utils_2",
        "nixpkgs": "nixpkgs_5"
      },
      "locked": {
        "lastModified": 1671945965,
        "narHash": "sha256-dsQ2xTbx1i88emK4eV9wkoY93G5bb6vpng6gpGvnEeg=",
        "owner": "NickCao",
        "repo": "resign",
        "rev": "da45dbbf0da63eaaccbae83c2c1809d7334081f7",
        "type": "github"
      },
      "original": {
        "owner": "NickCao",
        "repo": "resign",
        "type": "github"
      }
    },
    "root": {
      "inputs": {
        "nixpkgs": "nixpkgs"
      }
    },
    "sops-nix": {
      "inputs": {
        "nixpkgs": [
          "nixpkgs",
          "nixpkgs"
        ],
        "nixpkgs-stable": "nixpkgs-stable"
      },
      "locked": {
        "lastModified": 1678723788,
        "narHash": "sha256-5duOEEV/U/SmU8oUHrj68Wmw4tZBqolP0xVCdi5uZEE=",
        "type": "git",
        "url": "file:///home/mlatus/Documents/Develop/Nix/sops-nix"
      },
      "original": {
        "owner": "Mic92",
        "repo": "sops-nix",
        "type": "github"
      }
    },
    "terranix": {
      "inputs": {
        "bats-assert": "bats-assert",
        "bats-support": "bats-support",
        "flake-utils": "flake-utils_3",
        "nixpkgs": "nixpkgs_6",
        "terranix-examples": "terranix-examples"
      },
      "locked": {
        "lastModified": 1669832511,
        "narHash": "sha256-PDorwUjo8F5Qtl8YY+wd4tUvJiRnuxCNfaLEwUNMM7A=",
        "owner": "Ninlives",
        "repo": "terranix",
        "rev": "a957fcedbff898b13c9b5008a5a84f4952705ff7",
        "type": "github"
      },
      "original": {
        "owner": "Ninlives",
        "repo": "terranix",
        "type": "github"
      }
    },
    "terranix-examples": {
      "locked": {
        "lastModified": 1636300201,
        "narHash": "sha256-0n1je1WpiR6XfCsvi8ZK7GrpEnMl+DpwhWaO1949Vbc=",
        "owner": "terranix",
        "repo": "terranix-examples",
        "rev": "a934aa1cf88f6bd6c6ddb4c77b77ec6e1660bd5e",
        "type": "github"
      },
      "original": {
        "owner": "terranix",
        "repo": "terranix-examples",
        "type": "github"
      }
    },
    "terrasops": {
      "inputs": {
        "flake-utils": "flake-utils_4",
        "nixpkgs": "nixpkgs_7"
      },
      "locked": {
        "lastModified": 1662712380,
        "narHash": "sha256-RQp708VcJlPOcP7mjuTLsgtgANre+oY+9BbvshePCc0=",
        "owner": "NickCao",
        "repo": "terrasops",
        "rev": "289ca942dac63895c68c05c028b46c5e4adb64c3",
        "type": "github"
      },
      "original": {
        "owner": "NickCao",
        "repo": "terrasops",
        "type": "github"
      }
    },
    "utils": {
      "locked": {
        "lastModified": 1676283394,
        "narHash": "sha256-XX2f9c3iySLCw54rJ/CZs+ZK6IQy7GXNY4nSOyu2QG4=",
        "owner": "numtide",
        "repo": "flake-utils",
        "rev": "3db36a8b464d0c4532ba1c7dda728f4576d6d073",
        "type": "github"
      },
      "original": {
        "owner": "numtide",
        "repo": "flake-utils",
        "type": "github"
      }
    },
    "values": {
      "locked": {
        "lastModified": 1676900958,
        "narHash": "sha256-rSSAfdQOLut5D5JVBGIIbJRfk8j3R/lqTJ2ptPYMdkQ=",
        "ref": "refs/heads/main",
        "rev": "b167baa8096c73b1cbabcd8910db582576343409",
        "revCount": 1,
        "type": "git",
        "url": "ssh://git@github.com/Ninlives/values.git"
      },
      "original": {
        "type": "git",
        "url": "ssh://git@github.com/Ninlives/values.git"
      }
    }
  },
  "root": "root",
  "version": 7
}
